PODS:
  - SDWebImage (4.0.0):
    - SDWebImage/Core (= 4.0.0)
  - SDWebImage/Core (4.0.0)
  - SwiftyJSON-3.1.1 (3.1.1)

DEPENDENCIES:
  - SDWebImage
  - SwiftyJSON-3.1.1

SPEC CHECKSUMS:
  SDWebImage: 76a6348bdc74eb5a55dd08a091ef298e56b55e41
  SwiftyJSON-3.1.1: 2aa7f43af6473cc8f318f8337a7e0fa575b3ef26

PODFILE CHECKSUM: d364354027950c33a0876e66f8c1a718b23ee92e

COCOAPODS: 1.2.1
