PODS:
  - SDWebImage (3.8.2):
    - SDWebImage/Core (= 3.8.2)
  - SDWebImage/Core (3.8.2)
  - SwiftyJSON (3.1.1)

DEPENDENCIES:
  - SDWebImage
  - SwiftyJSON

SPEC CHECKSUMS:
  SDWebImage: 098e97e6176540799c27e804c96653ee0833d13c
  SwiftyJSON: f0be2e604f83e8405a624e9f891898bf6ed4e019

PODFILE CHECKSUM: a347c0bdabae3ac8975c5c3f4a583d592a9c4662

COCOAPODS: 1.0.1
